// !$*UTF8*$!
{
	archiveVersion = 1;
	classes = {
	};
	objectVersion = 56;
	objects = {

/* Begin PBXBuildFile section */
		6A1E007929EF1F0200CB8A99 /* PokerApp.swift in Sources */ = {isa = PBXBuildFile; fileRef = 6A1E007829EF1F0200CB8A99 /* PokerApp.swift */; };
		6A1E007B29EF1F0200CB8A99 /* ContentView.swift in Sources */ = {isa = PBXBuildFile; fileRef = 6A1E007A29EF1F0200CB8A99 /* ContentView.swift */; };
		6A1E007D29EF1F0300CB8A99 /* Assets.xcassets in Resources */ = {isa = PBXBuildFile; fileRef = 6A1E007C29EF1F0300CB8A99 /* Assets.xcassets */; };
		6A1E008029EF1F0300CB8A99 /* Preview Assets.xcassets in Resources */ = {isa = PBXBuildFile; fileRef = 6A1E007F29EF1F0300CB8A99 /* Preview Assets.xcassets */; };
		6A5456C72B92DB0E0043470D /* EquityCalculatorView.swift in Sources */ = {isa = PBXBuildFile; fileRef = 6A5456C62B92DB0E0043470D /* EquityCalculatorView.swift */; };
		6A5456C92B92DB230043470D /* EquityCalculatorViewModel.swift in Sources */ = {isa = PBXBuildFile; fileRef = 6A5456C82B92DB230043470D /* EquityCalculatorViewModel.swift */; };
		6A5456CE2B92DB5E0043470D /* HandTrackerView.swift in Sources */ = {isa = PBXBuildFile; fileRef = 6A5456CD2B92DB5E0043470D /* HandTrackerView.swift */; };
		6A5456D02B92DB650043470D /* HandTrackerViewModel.swift in Sources */ = {isa = PBXBuildFile; fileRef = 6A5456CF2B92DB650043470D /* HandTrackerViewModel.swift */; };
		6A5456D22B92E65E0043470D /* RaiseSheetView.swift in Sources */ = {isa = PBXBuildFile; fileRef = 6A5456D12B92E65E0043470D /* RaiseSheetView.swift */; };
		6A5456D42B92E6BC0043470D /* HeroSheetView.swift in Sources */ = {isa = PBXBuildFile; fileRef = 6A5456D32B92E6BC0043470D /* HeroSheetView.swift */; };
		6AB2813329EF850900DB4770 /* ContentViewModel.swift in Sources */ = {isa = PBXBuildFile; fileRef = 6AB2813229EF850900DB4770 /* ContentViewModel.swift */; };
		6AB2813629EF855700DB4770 /* CardModel.swift in Sources */ = {isa = PBXBuildFile; fileRef = 6AB2813529EF855700DB4770 /* CardModel.swift */; };
		6AB2813829EF859600DB4770 /* Suit.swift in Sources */ = {isa = PBXBuildFile; fileRef = 6AB2813729EF859600DB4770 /* Suit.swift */; };
		6AB2813A29EF85FE00DB4770 /* Rank.swift in Sources */ = {isa = PBXBuildFile; fileRef = 6AB2813929EF85FE00DB4770 /* Rank.swift */; };
		6AB2813C29EF865A00DB4770 /* CardView.swift in Sources */ = {isa = PBXBuildFile; fileRef = 6AB2813B29EF865A00DB4770 /* CardView.swift */; };
		6AB2814129EF91F600DB4770 /* CardPickerView.swift in Sources */ = {isa = PBXBuildFile; fileRef = 6AB2814029EF91F600DB4770 /* CardPickerView.swift */; };
/* End PBXBuildFile section */

/* Begin PBXFileReference section */
		6A1E007529EF1F0200CB8A99 /* poker-frontend.app */ = {isa = PBXFileReference; explicitFileType = wrapper.application; includeInIndex = 0; path = "poker-frontend.app"; sourceTree = BUILT_PRODUCTS_DIR; };
		6A1E007829EF1F0200CB8A99 /* PokerApp.swift */ = {isa = PBXFileReference; lastKnownFileType = sourcecode.swift; path = PokerApp.swift; sourceTree = "<group>"; };
		6A1E007A29EF1F0200CB8A99 /* ContentView.swift */ = {isa = PBXFileReference; lastKnownFileType = sourcecode.swift; path = ContentView.swift; sourceTree = "<group>"; };
		6A1E007C29EF1F0300CB8A99 /* Assets.xcassets */ = {isa = PBXFileReference; lastKnownFileType = folder.assetcatalog; path = Assets.xcassets; sourceTree = "<group>"; };
		6A1E007F29EF1F0300CB8A99 /* Preview Assets.xcassets */ = {isa = PBXFileReference; lastKnownFileType = folder.assetcatalog; path = "Preview Assets.xcassets"; sourceTree = "<group>"; };
		6A5456C62B92DB0E0043470D /* EquityCalculatorView.swift */ = {isa = PBXFileReference; lastKnownFileType = sourcecode.swift; path = EquityCalculatorView.swift; sourceTree = "<group>"; };
		6A5456C82B92DB230043470D /* EquityCalculatorViewModel.swift */ = {isa = PBXFileReference; lastKnownFileType = sourcecode.swift; path = EquityCalculatorViewModel.swift; sourceTree = "<group>"; };
		6A5456CD2B92DB5E0043470D /* HandTrackerView.swift */ = {isa = PBXFileReference; lastKnownFileType = sourcecode.swift; path = HandTrackerView.swift; sourceTree = "<group>"; };
		6A5456CF2B92DB650043470D /* HandTrackerViewModel.swift */ = {isa = PBXFileReference; lastKnownFileType = sourcecode.swift; path = HandTrackerViewModel.swift; sourceTree = "<group>"; };
		6A5456D12B92E65E0043470D /* RaiseSheetView.swift */ = {isa = PBXFileReference; lastKnownFileType = sourcecode.swift; name = RaiseSheetView.swift; path = ../../../../../../../.Trash/Features/HandTracker/Views/RaiseSheetView.swift; sourceTree = "<group>"; };
		6A5456D32B92E6BC0043470D /* HeroSheetView.swift */ = {isa = PBXFileReference; lastKnownFileType = sourcecode.swift; path = HeroSheetView.swift; sourceTree = "<group>"; };
		6AB2813229EF850900DB4770 /* ContentViewModel.swift */ = {isa = PBXFileReference; lastKnownFileType = sourcecode.swift; path = ContentViewModel.swift; sourceTree = "<group>"; };
		6AB2813529EF855700DB4770 /* CardModel.swift */ = {isa = PBXFileReference; lastKnownFileType = sourcecode.swift; path = CardModel.swift; sourceTree = "<group>"; };
		6AB2813729EF859600DB4770 /* Suit.swift */ = {isa = PBXFileReference; lastKnownFileType = sourcecode.swift; path = Suit.swift; sourceTree = "<group>"; };
		6AB2813929EF85FE00DB4770 /* Rank.swift */ = {isa = PBXFileReference; lastKnownFileType = sourcecode.swift; path = Rank.swift; sourceTree = "<group>"; };
		6AB2813B29EF865A00DB4770 /* CardView.swift */ = {isa = PBXFileReference; lastKnownFileType = sourcecode.swift; path = CardView.swift; sourceTree = "<group>"; };
		6AB2814029EF91F600DB4770 /* CardPickerView.swift */ = {isa = PBXFileReference; lastKnownFileType = sourcecode.swift; path = CardPickerView.swift; sourceTree = "<group>"; };
/* End PBXFileReference section */

/* Begin PBXFrameworksBuildPhase section */
		6A1E007229EF1F0200CB8A99 /* Frameworks */ = {
			isa = PBXFrameworksBuildPhase;
			buildActionMask = 2147483647;
			files = (
			);
			runOnlyForDeploymentPostprocessing = 0;
		};
/* End PBXFrameworksBuildPhase section */

/* Begin PBXGroup section */
		6A1E006C29EF1F0200CB8A99 = {
			isa = PBXGroup;
			children = (
				6A1E007729EF1F0200CB8A99 /* poker-frontend */,
				6A1E007629EF1F0200CB8A99 /* Products */,
			);
			sourceTree = "<group>";
		};
		6A1E007629EF1F0200CB8A99 /* Products */ = {
			isa = PBXGroup;
			children = (
				6A1E007529EF1F0200CB8A99 /* poker-frontend.app */,
			);
			name = Products;
			sourceTree = "<group>";
		};
		6A1E007729EF1F0200CB8A99 /* poker-frontend */ = {
			isa = PBXGroup;
			children = (
				6A5456C52B92DAF50043470D /* Features */,
				6A1E007829EF1F0200CB8A99 /* PokerApp.swift */,
				6A1E007A29EF1F0200CB8A99 /* ContentView.swift */,
				6AB2813229EF850900DB4770 /* ContentViewModel.swift */,
				6AB2813429EF854C00DB4770 /* Models */,
				6AB2812E29EF82B800DB4770 /* Components */,
				6A1E007C29EF1F0300CB8A99 /* Assets.xcassets */,
				6A1E007E29EF1F0300CB8A99 /* Preview Content */,
			);
			path = "poker-frontend";
			sourceTree = "<group>";
		};
		6A1E007E29EF1F0300CB8A99 /* Preview Content */ = {
			isa = PBXGroup;
			children = (
				6A1E007F29EF1F0300CB8A99 /* Preview Assets.xcassets */,
			);
			path = "Preview Content";
			sourceTree = "<group>";
		};
		6A5456C42B92DAE50043470D /* EquityCalculator */ = {
			isa = PBXGroup;
			children = (
				6A5456C62B92DB0E0043470D /* EquityCalculatorView.swift */,
				6A5456C82B92DB230043470D /* EquityCalculatorViewModel.swift */,
			);
			path = EquityCalculator;
			sourceTree = "<group>";
		};
		6A5456C52B92DAF50043470D /* Features */ = {
			isa = PBXGroup;
			children = (
				6A5456CA2B92DB400043470D /* HandTracker */,
				6A5456C42B92DAE50043470D /* EquityCalculator */,
			);
			path = Features;
			sourceTree = "<group>";
		};
		6A5456CA2B92DB400043470D /* HandTracker */ = {
			isa = PBXGroup;
			children = (
				6A5456CC2B92DB4E0043470D /* ViewModels */,
				6A5456CB2B92DB4A0043470D /* Views */,
			);
			path = HandTracker;
			sourceTree = "<group>";
		};
		6A5456CB2B92DB4A0043470D /* Views */ = {
			isa = PBXGroup;
			children = (
				6A5456CD2B92DB5E0043470D /* HandTrackerView.swift */,
				6A5456D12B92E65E0043470D /* RaiseSheetView.swift */,
				6A5456D32B92E6BC0043470D /* HeroSheetView.swift */,
			);
			path = Views;
			sourceTree = "<group>";
		};
		6A5456CC2B92DB4E0043470D /* ViewModels */ = {
			isa = PBXGroup;
			children = (
				6A5456CF2B92DB650043470D /* HandTrackerViewModel.swift */,
			);
			path = ViewModels;
			sourceTree = "<group>";
		};
		6AB2812E29EF82B800DB4770 /* Components */ = {
			isa = PBXGroup;
			children = (
				6AB2813D29EF91D900DB4770 /* CardPicker */,
				6AB2812F29EF83B500DB4770 /* Card */,
			);
			path = Components;
			sourceTree = "<group>";
		};
		6AB2812F29EF83B500DB4770 /* Card */ = {
			isa = PBXGroup;
			children = (
				6AB2813B29EF865A00DB4770 /* CardView.swift */,
			);
			path = Card;
			sourceTree = "<group>";
		};
		6AB2813429EF854C00DB4770 /* Models */ = {
			isa = PBXGroup;
			children = (
				6AB2813529EF855700DB4770 /* CardModel.swift */,
				6AB2813729EF859600DB4770 /* Suit.swift */,
				6AB2813929EF85FE00DB4770 /* Rank.swift */,
			);
			path = Models;
			sourceTree = "<group>";
		};
		6AB2813D29EF91D900DB4770 /* CardPicker */ = {
			isa = PBXGroup;
			children = (
				6AB2814029EF91F600DB4770 /* CardPickerView.swift */,
			);
			path = CardPicker;
			sourceTree = "<group>";
		};
/* End PBXGroup section */

/* Begin PBXNativeTarget section */
		6A1E007429EF1F0200CB8A99 /* poker-frontend */ = {
			isa = PBXNativeTarget;
			buildConfigurationList = 6A1E008329EF1F0300CB8A99 /* Build configuration list for PBXNativeTarget "poker-frontend" */;
			buildPhases = (
				6A1E007129EF1F0200CB8A99 /* Sources */,
				6A1E007229EF1F0200CB8A99 /* Frameworks */,
				6A1E007329EF1F0200CB8A99 /* Resources */,
			);
			buildRules = (
			);
			dependencies = (
			);
			name = "poker-frontend";
			productName = "Poker Calculator";
			productReference = 6A1E007529EF1F0200CB8A99 /* poker-frontend.app */;
			productType = "com.apple.product-type.application";
		};
/* End PBXNativeTarget section */

/* Begin PBXProject section */
		6A1E006D29EF1F0200CB8A99 /* Project object */ = {
			isa = PBXProject;
			attributes = {
				BuildIndependentTargetsInParallel = 1;
				LastSwiftUpdateCheck = 1430;
				LastUpgradeCheck = 1430;
				TargetAttributes = {
					6A1E007429EF1F0200CB8A99 = {
						CreatedOnToolsVersion = 14.3;
					};
				};
			};
			buildConfigurationList = 6A1E007029EF1F0200CB8A99 /* Build configuration list for PBXProject "poker-frontend" */;
			compatibilityVersion = "Xcode 14.0";
			developmentRegion = en;
			hasScannedForEncodings = 0;
			knownRegions = (
				en,
				Base,
			);
			mainGroup = 6A1E006C29EF1F0200CB8A99;
			productRefGroup = 6A1E007629EF1F0200CB8A99 /* Products */;
			projectDirPath = "";
			projectRoot = "";
			targets = (
				6A1E007429EF1F0200CB8A99 /* poker-frontend */,
			);
		};
/* End PBXProject section */

/* Begin PBXResourcesBuildPhase section */
		6A1E007329EF1F0200CB8A99 /* Resources */ = {
			isa = PBXResourcesBuildPhase;
			buildActionMask = 2147483647;
			files = (
				6A1E008029EF1F0300CB8A99 /* Preview Assets.xcassets in Resources */,
				6A1E007D29EF1F0300CB8A99 /* Assets.xcassets in Resources */,
			);
			runOnlyForDeploymentPostprocessing = 0;
		};
/* End PBXResourcesBuildPhase section */

/* Begin PBXSourcesBuildPhase section */
		6A1E007129EF1F0200CB8A99 /* Sources */ = {
			isa = PBXSourcesBuildPhase;
			buildActionMask = 2147483647;
			files = (
				6AB2813C29EF865A00DB4770 /* CardView.swift in Sources */,
				6A1E007B29EF1F0200CB8A99 /* ContentView.swift in Sources */,
				6AB2814129EF91F600DB4770 /* CardPickerView.swift in Sources */,
				6A5456D22B92E65E0043470D /* RaiseSheetView.swift in Sources */,
				6A5456C92B92DB230043470D /* EquityCalculatorViewModel.swift in Sources */,
				6A5456D02B92DB650043470D /* HandTrackerViewModel.swift in Sources */,
				6A5456C72B92DB0E0043470D /* EquityCalculatorView.swift in Sources */,
				6AB2813829EF859600DB4770 /* Suit.swift in Sources */,
				6AB2813629EF855700DB4770 /* CardModel.swift in Sources */,
				6AB2813A29EF85FE00DB4770 /* Rank.swift in Sources */,
				6A5456D42B92E6BC0043470D /* HeroSheetView.swift in Sources */,
				6A5456CE2B92DB5E0043470D /* HandTrackerView.swift in Sources */,
				6A1E007929EF1F0200CB8A99 /* PokerApp.swift in Sources */,
				6AB2813329EF850900DB4770 /* ContentViewModel.swift in Sources */,
			);
			runOnlyForDeploymentPostprocessing = 0;
		};
/* End PBXSourcesBuildPhase section */

/* Begin XCBuildConfiguration section */
		6A1E008129EF1F0300CB8A99 /* Debug */ = {
			isa = XCBuildConfiguration;
			buildSettings = {
				ALWAYS_SEARCH_USER_PATHS = NO;
				CLANG_ANALYZER_NONNULL = YES;
				CLANG_ANALYZER_NUMBER_OBJECT_CONVERSION = YES_AGGRESSIVE;
				CLANG_CXX_LANGUAGE_STANDARD = "gnu++20";
				CLANG_ENABLE_MODULES = YES;
				CLANG_ENABLE_OBJC_ARC = YES;
				CLANG_ENABLE_OBJC_WEAK = YES;
				CLANG_WARN_BLOCK_CAPTURE_AUTORELEASING = YES;
				CLANG_WARN_BOOL_CONVERSION = YES;
				CLANG_WARN_COMMA = YES;
				CLANG_WARN_CONSTANT_CONVERSION = YES;
				CLANG_WARN_DEPRECATED_OBJC_IMPLEMENTATIONS = YES;
				CLANG_WARN_DIRECT_OBJC_ISA_USAGE = YES_ERROR;
				CLANG_WARN_DOCUMENTATION_COMMENTS = YES;
				CLANG_WARN_EMPTY_BODY = YES;
				CLANG_WARN_ENUM_CONVERSION = YES;
				CLANG_WARN_INFINITE_RECURSION = YES;
				CLANG_WARN_INT_CONVERSION = YES;
				CLANG_WARN_NON_LITERAL_NULL_CONVERSION = YES;
				CLANG_WARN_OBJC_IMPLICIT_RETAIN_SELF = YES;
				CLANG_WARN_OBJC_LITERAL_CONVERSION = YES;
				CLANG_WARN_OBJC_ROOT_CLASS = YES_ERROR;
				CLANG_WARN_QUOTED_INCLUDE_IN_FRAMEWORK_HEADER = YES;
				CLANG_WARN_RANGE_LOOP_ANALYSIS = YES;
				CLANG_WARN_STRICT_PROTOTYPES = YES;
				CLANG_WARN_SUSPICIOUS_MOVE = YES;
				CLANG_WARN_UNGUARDED_AVAILABILITY = YES_AGGRESSIVE;
				CLANG_WARN_UNREACHABLE_CODE = YES;
				CLANG_WARN__DUPLICATE_METHOD_MATCH = YES;
				COPY_PHASE_STRIP = NO;
				DEBUG_INFORMATION_FORMAT = dwarf;
				ENABLE_STRICT_OBJC_MSGSEND = YES;
				ENABLE_TESTABILITY = YES;
				GCC_C_LANGUAGE_STANDARD = gnu11;
				GCC_DYNAMIC_NO_PIC = NO;
				GCC_NO_COMMON_BLOCKS = YES;
				GCC_OPTIMIZATION_LEVEL = 0;
				GCC_PREPROCESSOR_DEFINITIONS = (
					"DEBUG=1",
					"$(inherited)",
				);
				GCC_WARN_64_TO_32_BIT_CONVERSION = YES;
				GCC_WARN_ABOUT_RETURN_TYPE = YES_ERROR;
				GCC_WARN_UNDECLARED_SELECTOR = YES;
				GCC_WARN_UNINITIALIZED_AUTOS = YES_AGGRESSIVE;
				GCC_WARN_UNUSED_FUNCTION = YES;
				GCC_WARN_UNUSED_VARIABLE = YES;
				IPHONEOS_DEPLOYMENT_TARGET = 16.4;
				MTL_ENABLE_DEBUG_INFO = INCLUDE_SOURCE;
				MTL_FAST_MATH = YES;
				ONLY_ACTIVE_ARCH = YES;
				SDKROOT = iphoneos;
				SWIFT_ACTIVE_COMPILATION_CONDITIONS = DEBUG;
				SWIFT_OPTIMIZATION_LEVEL = "-Onone";
			};
			name = Debug;
		};
		6A1E008229EF1F0300CB8A99 /* Release */ = {
			isa = XCBuildConfiguration;
			buildSettings = {
				ALWAYS_SEARCH_USER_PATHS = NO;
				CLANG_ANALYZER_NONNULL = YES;
				CLANG_ANALYZER_NUMBER_OBJECT_CONVERSION = YES_AGGRESSIVE;
				CLANG_CXX_LANGUAGE_STANDARD = "gnu++20";
				CLANG_ENABLE_MODULES = YES;
				CLANG_ENABLE_OBJC_ARC = YES;
				CLANG_ENABLE_OBJC_WEAK = YES;
				CLANG_WARN_BLOCK_CAPTURE_AUTORELEASING = YES;
				CLANG_WARN_BOOL_CONVERSION = YES;
				CLANG_WARN_COMMA = YES;
				CLANG_WARN_CONSTANT_CONVERSION = YES;
				CLANG_WARN_DEPRECATED_OBJC_IMPLEMENTATIONS = YES;
				CLANG_WARN_DIRECT_OBJC_ISA_USAGE = YES_ERROR;
				CLANG_WARN_DOCUMENTATION_COMMENTS = YES;
				CLANG_WARN_EMPTY_BODY = YES;
				CLANG_WARN_ENUM_CONVERSION = YES;
				CLANG_WARN_INFINITE_RECURSION = YES;
				CLANG_WARN_INT_CONVERSION = YES;
				CLANG_WARN_NON_LITERAL_NULL_CONVERSION = YES;
				CLANG_WARN_OBJC_IMPLICIT_RETAIN_SELF = YES;
				CLANG_WARN_OBJC_LITERAL_CONVERSION = YES;
				CLANG_WARN_OBJC_ROOT_CLASS = YES_ERROR;
				CLANG_WARN_QUOTED_INCLUDE_IN_FRAMEWORK_HEADER = YES;
				CLANG_WARN_RANGE_LOOP_ANALYSIS = YES;
				CLANG_WARN_STRICT_PROTOTYPES = YES;
				CLANG_WARN_SUSPICIOUS_MOVE = YES;
				CLANG_WARN_UNGUARDED_AVAILABILITY = YES_AGGRESSIVE;
				CLANG_WARN_UNREACHABLE_CODE = YES;
				CLANG_WARN__DUPLICATE_METHOD_MATCH = YES;
				COPY_PHASE_STRIP = NO;
				DEBUG_INFORMATION_FORMAT = "dwarf-with-dsym";
				ENABLE_NS_ASSERTIONS = NO;
				ENABLE_STRICT_OBJC_MSGSEND = YES;
				GCC_C_LANGUAGE_STANDARD = gnu11;
				GCC_NO_COMMON_BLOCKS = YES;
				GCC_WARN_64_TO_32_BIT_CONVERSION = YES;
				GCC_WARN_ABOUT_RETURN_TYPE = YES_ERROR;
				GCC_WARN_UNDECLARED_SELECTOR = YES;
				GCC_WARN_UNINITIALIZED_AUTOS = YES_AGGRESSIVE;
				GCC_WARN_UNUSED_FUNCTION = YES;
				GCC_WARN_UNUSED_VARIABLE = YES;
				IPHONEOS_DEPLOYMENT_TARGET = 16.4;
				MTL_ENABLE_DEBUG_INFO = NO;
				MTL_FAST_MATH = YES;
				SDKROOT = iphoneos;
				SWIFT_COMPILATION_MODE = wholemodule;
				SWIFT_OPTIMIZATION_LEVEL = "-O";
				VALIDATE_PRODUCT = YES;
			};
			name = Release;
		};
		6A1E008429EF1F0300CB8A99 /* Debug */ = {
			isa = XCBuildConfiguration;
			buildSettings = {
				ASSETCATALOG_COMPILER_APPICON_NAME = AppIcon;
				ASSETCATALOG_COMPILER_GLOBAL_ACCENT_COLOR_NAME = AccentColor;
				CODE_SIGN_STYLE = Automatic;
				CURRENT_PROJECT_VERSION = 1;
				DEVELOPMENT_ASSET_PATHS = "\"poker-frontend/Preview Content\"";
				DEVELOPMENT_TEAM = 2N66Q3A64N;
				ENABLE_PREVIEWS = YES;
				GENERATE_INFOPLIST_FILE = YES;
				INFOPLIST_KEY_CFBundleDisplayName = "Poker App";
				INFOPLIST_KEY_UIApplicationSceneManifest_Generation = YES;
				INFOPLIST_KEY_UIApplicationSupportsIndirectInputEvents = YES;
				INFOPLIST_KEY_UILaunchScreen_Generation = YES;
				INFOPLIST_KEY_UISupportedInterfaceOrientations_iPad = "UIInterfaceOrientationPortrait UIInterfaceOrientationPortraitUpsideDown UIInterfaceOrientationLandscapeLeft UIInterfaceOrientationLandscapeRight";
				INFOPLIST_KEY_UISupportedInterfaceOrientations_iPhone = "UIInterfaceOrientationPortrait UIInterfaceOrientationLandscapeLeft UIInterfaceOrientationLandscapeRight";
				LD_RUNPATH_SEARCH_PATHS = (
					"$(inherited)",
					"@executable_path/Frameworks",
				);
				MARKETING_VERSION = 1.0;
				PRODUCT_BUNDLE_IDENTIFIER = "com.krv.poker-frontend";
				PRODUCT_NAME = "$(TARGET_NAME)";
				SWIFT_EMIT_LOC_STRINGS = YES;
				SWIFT_VERSION = 5.0;
				TARGETED_DEVICE_FAMILY = "1,2";
			};
			name = Debug;
		};
		6A1E008529EF1F0300CB8A99 /* Release */ = {
			isa = XCBuildConfiguration;
			buildSettings = {
				ASSETCATALOG_COMPILER_APPICON_NAME = AppIcon;
				ASSETCATALOG_COMPILER_GLOBAL_ACCENT_COLOR_NAME = AccentColor;
				CODE_SIGN_STYLE = Automatic;
				CURRENT_PROJECT_VERSION = 1;
				DEVELOPMENT_ASSET_PATHS = "\"poker-frontend/Preview Content\"";
				DEVELOPMENT_TEAM = 2N66Q3A64N;
				ENABLE_PREVIEWS = YES;
				GENERATE_INFOPLIST_FILE = YES;
				INFOPLIST_KEY_CFBundleDisplayName = "Poker App";
				INFOPLIST_KEY_UIApplicationSceneManifest_Generation = YES;
				INFOPLIST_KEY_UIApplicationSupportsIndirectInputEvents = YES;
				INFOPLIST_KEY_UILaunchScreen_Generation = YES;
				INFOPLIST_KEY_UISupportedInterfaceOrientations_iPad = "UIInterfaceOrientationPortrait UIInterfaceOrientationPortraitUpsideDown UIInterfaceOrientationLandscapeLeft UIInterfaceOrientationLandscapeRight";
				INFOPLIST_KEY_UISupportedInterfaceOrientations_iPhone = "UIInterfaceOrientationPortrait UIInterfaceOrientationLandscapeLeft UIInterfaceOrientationLandscapeRight";
				LD_RUNPATH_SEARCH_PATHS = (
					"$(inherited)",
					"@executable_path/Frameworks",
				);
				MARKETING_VERSION = 1.0;
				PRODUCT_BUNDLE_IDENTIFIER = "com.krv.poker-frontend";
				PRODUCT_NAME = "$(TARGET_NAME)";
				SWIFT_EMIT_LOC_STRINGS = YES;
				SWIFT_VERSION = 5.0;
				TARGETED_DEVICE_FAMILY = "1,2";
			};
			name = Release;
		};
/* End XCBuildConfiguration section */

/* Begin XCConfigurationList section */
		6A1E007029EF1F0200CB8A99 /* Build configuration list for PBXProject "poker-frontend" */ = {
			isa = XCConfigurationList;
			buildConfigurations = (
				6A1E008129EF1F0300CB8A99 /* Debug */,
				6A1E008229EF1F0300CB8A99 /* Release */,
			);
			defaultConfigurationIsVisible = 0;
			defaultConfigurationName = Release;
		};
		6A1E008329EF1F0300CB8A99 /* Build configuration list for PBXNativeTarget "poker-frontend" */ = {
			isa = XCConfigurationList;
			buildConfigurations = (
				6A1E008429EF1F0300CB8A99 /* Debug */,
				6A1E008529EF1F0300CB8A99 /* Release */,
			);
			defaultConfigurationIsVisible = 0;
			defaultConfigurationName = Release;
		};
/* End XCConfigurationList section */
	};
	rootObject = 6A1E006D29EF1F0200CB8A99 /* Project object */;
}
